
Microsoft Visual Studio Solution File, Format Version 12.00
# Visual Studio 15
VisualStudioVersion = 15.0.28307.852
MinimumVisualStudioVersion = 10.0.40219.1
Project("{FAE04EC0-301F-11D3-BF4B-00C04F79EFBC}") = "AndroidCalc", "AndroidCalc\AndroidCalc.csproj", "{3901693A-7B80-43D8-8601-21625A35AE67}"
EndProject
Project("{FAE04EC0-301F-11D3-BF4B-00C04F79EFBC}") = "UITestCalculator", "UITestCalculator\UITestCalculator.csproj", "{F6C486C7-26EA-4A4B-87EC-113B086C14E4}"
EndProject
Global
	GlobalSection(SolutionConfigurationPlatforms) = preSolution
		Debug|Any CPU = Debug|Any CPU
		Release|Any CPU = Release|Any CPU
	EndGlobalSection
	GlobalSection(ProjectConfigurationPlatforms) = postSolution
		{3901693A-7B80-43D8-8601-21625A35AE67}.Debug|Any CPU.ActiveCfg = Debug|Any CPU
		{3901693A-7B80-43D8-8601-21625A35AE67}.Debug|Any CPU.Build.0 = Debug|Any CPU
		{3901693A-7B80-43D8-8601-21625A35AE67}.Debug|Any CPU.Deploy.0 = Debug|Any CPU
		{3901693A-7B80-43D8-8601-21625A35AE67}.Release|Any CPU.ActiveCfg = Release|Any CPU
		{3901693A-7B80-43D8-8601-21625A35AE67}.Release|Any CPU.Build.0 = Release|Any CPU
		{3901693A-7B80-43D8-8601-21625A35AE67}.Release|Any CPU.Deploy.0 = Release|Any CPU
		{F6C486C7-26EA-4A4B-87EC-113B086C14E4}.Debug|Any CPU.ActiveCfg = Debug|Any CPU
		{F6C486C7-26EA-4A4B-87EC-113B086C14E4}.Debug|Any CPU.Build.0 = Debug|Any CPU
		{F6C486C7-26EA-4A4B-87EC-113B086C14E4}.Release|Any CPU.ActiveCfg = Release|Any CPU
		{F6C486C7-26EA-4A4B-87EC-113B086C14E4}.Release|Any CPU.Build.0 = Release|Any CPU
	EndGlobalSection
	GlobalSection(SolutionProperties) = preSolution
		HideSolutionNode = FALSE
	EndGlobalSection
	GlobalSection(ExtensibilityGlobals) = postSolution
		SolutionGuid = {B773AD87-7D39-4C2C-A66B-1F04838A31FA}
	EndGlobalSection
EndGlobal
